
Microsoft Visual Studio Solution File, Format Version 12.00
Project("{FAE04EC0-301F-11D3-BF4B-00C04F79EFBC}") = "KafkaTestContainersTests", "KafkaTestContainersTests\KafkaTestContainersTests.csproj", "{09CFF6B2-39CC-439A-B150-48E452E45C9D}"
EndProject
Global
	GlobalSection(SolutionConfigurationPlatforms) = preSolution
		Debug|Any CPU = Debug|Any CPU
		Release|Any CPU = Release|Any CPU
	EndGlobalSection
	GlobalSection(ProjectConfigurationPlatforms) = postSolution
		{09CFF6B2-39CC-439A-B150-48E452E45C9D}.Debug|Any CPU.ActiveCfg = Debug|Any CPU
		{09CFF6B2-39CC-439A-B150-48E452E45C9D}.Debug|Any CPU.Build.0 = Debug|Any CPU
		{09CFF6B2-39CC-439A-B150-48E452E45C9D}.Release|Any CPU.ActiveCfg = Release|Any CPU
		{09CFF6B2-39CC-439A-B150-48E452E45C9D}.Release|Any CPU.Build.0 = Release|Any CPU
	EndGlobalSection
EndGlobal
